<?xml version="1.0" encoding="utf-8"?>
<Project ToolsVersion="4.0" xmlns="http://schemas.microsoft.com/developer/msbuild/2003">
  <ItemGroup>
    <Filter Include="logs">
      <UniqueIdentifier>{a03c6a8b-b71b-458c-b88a-715abe609c67}</UniqueIdentifier>
    </Filter>
  </ItemGroup>
  <ItemGroup>
    <ClInclude Include="logs\OrchidLogs.h">
      <Filter>logs</Filter>
    </ClInclude>
  </ItemGroup>
  <ItemGroup>
    <ClCompile Include="logs\OrchidLogs.cpp">
      <Filter>logs</Filter>
    </ClCompile>
  </ItemGroup>
</Project>