<?xml version="1.0" encoding="utf-8"?>
<Project ToolsVersion="4.0" xmlns="http://schemas.microsoft.com/developer/msbuild/2003">
  <ItemGroup>
    <Filter Include="logs">
      <UniqueIdentifier>{a03c6a8b-b71b-458c-b88a-715abe609c67}</UniqueIdentifier>
    </Filter>
    <Filter Include="global">
      <UniqueIdentifier>{86e45465-28ab-4a7b-9ea2-fb4835bfc585}</UniqueIdentifier>
    </Filter>
  </ItemGroup>
  <ItemGroup>
    <ClInclude Include="logs\OrchidLogs.h">
      <Filter>logs</Filter>
    </ClInclude>
    <ClInclude Include="resource.h" />
    <ClInclude Include="global\OrchidCommon.h">
      <Filter>global</Filter>
    </ClInclude>
  </ItemGroup>
  <ItemGroup>
    <ClCompile Include="logs\OrchidLogs.cpp">
      <Filter>logs</Filter>
    </ClCompile>
  </ItemGroup>
  <ItemGroup>
    <ResourceCompile Include="Orchid.rc" />
  </ItemGroup>
</Project>